// !$*UTF8*$!
{
	archiveVersion = 1;
	classes = {
	};
	objectVersion = 56;
	objects = {

/* Begin PBXBuildFile section */
		C951C2022C33FBD00057BD15 /* AppDelegate.swift in Sources */ = {isa = PBXBuildFile; fileRef = C951C2012C33FBD00057BD15 /* AppDelegate.swift */; };
		C951C2042C33FBD00057BD15 /* SceneDelegate.swift in Sources */ = {isa = PBXBuildFile; fileRef = C951C2032C33FBD00057BD15 /* SceneDelegate.swift */; };
		C951C2062C33FBD00057BD15 /* ReminderCategoryViewController.swift in Sources */ = {isa = PBXBuildFile; fileRef = C951C2052C33FBD00057BD15 /* ReminderCategoryViewController.swift */; };
		C951C20B2C33FBD10057BD15 /* Assets.xcassets in Resources */ = {isa = PBXBuildFile; fileRef = C951C20A2C33FBD10057BD15 /* Assets.xcassets */; };
		C951C20E2C33FBD10057BD15 /* Base in Resources */ = {isa = PBXBuildFile; fileRef = C951C20D2C33FBD10057BD15 /* Base */; };
		C986A79F2C37D2A1000D9B07 /* AddReminderTagViewController.swift in Sources */ = {isa = PBXBuildFile; fileRef = C986A79E2C37D2A1000D9B07 /* AddReminderTagViewController.swift */; };
		C986A7A12C37D515000D9B07 /* String+.swift in Sources */ = {isa = PBXBuildFile; fileRef = C986A7A02C37D515000D9B07 /* String+.swift */; };
		C986A7A52C37EE87000D9B07 /* AddReminderImageViewController.swift in Sources */ = {isa = PBXBuildFile; fileRef = C986A7A42C37EE87000D9B07 /* AddReminderImageViewController.swift */; };
		C986A7A72C380126000D9B07 /* ReminderRepository.swift in Sources */ = {isa = PBXBuildFile; fileRef = C986A7A62C380126000D9B07 /* ReminderRepository.swift */; };
		C986A7AA2C3936F3000D9B07 /* Date+.swift in Sources */ = {isa = PBXBuildFile; fileRef = C986A7A92C3936F3000D9B07 /* Date+.swift */; };
		C986A7AC2C3A7217000D9B07 /* ReminderListDetailViewController.swift in Sources */ = {isa = PBXBuildFile; fileRef = C986A7AB2C3A7217000D9B07 /* ReminderListDetailViewController.swift */; };
		C986A7AE2C3A75BF000D9B07 /* ReminderDetailSection.swift in Sources */ = {isa = PBXBuildFile; fileRef = C986A7AD2C3A75BF000D9B07 /* ReminderDetailSection.swift */; };
		C986A7B12C3A773E000D9B07 /* ReminderDetailTitleCell.swift in Sources */ = {isa = PBXBuildFile; fileRef = C986A7B02C3A773E000D9B07 /* ReminderDetailTitleCell.swift */; };
		C986A7B32C3A7EE7000D9B07 /* ReminderDetailFlagCell.swift in Sources */ = {isa = PBXBuildFile; fileRef = C986A7B22C3A7EE7000D9B07 /* ReminderDetailFlagCell.swift */; };
		C986A7B52C3A919D000D9B07 /* ReminderDetailContentCell.swift in Sources */ = {isa = PBXBuildFile; fileRef = C986A7B42C3A919D000D9B07 /* ReminderDetailContentCell.swift */; };
		C986A7B92C3AA0DC000D9B07 /* ReminderDetailPhotoCell.swift in Sources */ = {isa = PBXBuildFile; fileRef = C986A7B82C3AA0DC000D9B07 /* ReminderDetailPhotoCell.swift */; };
		C986A7BC2C3AB644000D9B07 /* FileManagerHelper.swift in Sources */ = {isa = PBXBuildFile; fileRef = C986A7BB2C3AB644000D9B07 /* FileManagerHelper.swift */; };
		C9D3D72F2C36937700D07682 /* AddReminderPriorityViewController.swift in Sources */ = {isa = PBXBuildFile; fileRef = C9D3D72E2C36937700D07682 /* AddReminderPriorityViewController.swift */; };
		C9D3D7332C36967500D07682 /* Priority.swift in Sources */ = {isa = PBXBuildFile; fileRef = C9D3D7322C36967500D07682 /* Priority.swift */; };
		C9DF62952C3401E600294B4B /* BaseViewController.swift in Sources */ = {isa = PBXBuildFile; fileRef = C9DF62942C3401E600294B4B /* BaseViewController.swift */; };
		C9DF62982C34027500294B4B /* ReminderCategory.swift in Sources */ = {isa = PBXBuildFile; fileRef = C9DF62972C34027500294B4B /* ReminderCategory.swift */; };
		C9DF629A2C34153300294B4B /* AddReminderViewController.swift in Sources */ = {isa = PBXBuildFile; fileRef = C9DF62992C34153300294B4B /* AddReminderViewController.swift */; };
		C9DF629D2C34167500294B4B /* UIViewController+.swift in Sources */ = {isa = PBXBuildFile; fileRef = C9DF629C2C34167500294B4B /* UIViewController+.swift */; };
		C9DF629F2C341A9100294B4B /* AddReminderTextFieldTableViewCell.swift in Sources */ = {isa = PBXBuildFile; fileRef = C9DF629E2C341A9100294B4B /* AddReminderTextFieldTableViewCell.swift */; };
		C9DF62A12C341ABD00294B4B /* BaseTableViewCell.swift in Sources */ = {isa = PBXBuildFile; fileRef = C9DF62A02C341ABD00294B4B /* BaseTableViewCell.swift */; };
		C9DF62A32C341AF000294B4B /* ReusableIdentifierProtocol.swift in Sources */ = {isa = PBXBuildFile; fileRef = C9DF62A22C341AF000294B4B /* ReusableIdentifierProtocol.swift */; };
		C9DF62A82C341B4E00294B4B /* UITableViewCell+.swift in Sources */ = {isa = PBXBuildFile; fileRef = C9DF62A72C341B4E00294B4B /* UITableViewCell+.swift */; };
		C9DF62AB2C341D1700294B4B /* CustomTextField.swift in Sources */ = {isa = PBXBuildFile; fileRef = C9DF62AA2C341D1700294B4B /* CustomTextField.swift */; };
		C9DF62AD2C341DAD00294B4B /* Constant.swift in Sources */ = {isa = PBXBuildFile; fileRef = C9DF62AC2C341DAD00294B4B /* Constant.swift */; };
		C9DF62B02C341F8C00294B4B /* SnapKit in Frameworks */ = {isa = PBXBuildFile; productRef = C9DF62AF2C341F8C00294B4B /* SnapKit */; };
		C9DF62B22C344F5C00294B4B /* AddReminderBasicCell.swift in Sources */ = {isa = PBXBuildFile; fileRef = C9DF62B12C344F5C00294B4B /* AddReminderBasicCell.swift */; };
		C9DF62B42C34B49F00294B4B /* ReminderListViewController.swift in Sources */ = {isa = PBXBuildFile; fileRef = C9DF62B32C34B49F00294B4B /* ReminderListViewController.swift */; };
		C9DF62B62C34B54600294B4B /* ReminderTableViewCell.swift in Sources */ = {isa = PBXBuildFile; fileRef = C9DF62B52C34B54600294B4B /* ReminderTableViewCell.swift */; };
		C9DF62B82C34C10400294B4B /* Reminder.swift in Sources */ = {isa = PBXBuildFile; fileRef = C9DF62B72C34C10400294B4B /* Reminder.swift */; };
		C9DF62BB2C34C1A300294B4B /* RealmSwift in Frameworks */ = {isa = PBXBuildFile; productRef = C9DF62BA2C34C1A300294B4B /* RealmSwift */; };
		C9DF62BD2C34C30C00294B4B /* AddReminderSection.swift in Sources */ = {isa = PBXBuildFile; fileRef = C9DF62BC2C34C30C00294B4B /* AddReminderSection.swift */; };
		C9DF62C52C354F6200294B4B /* ReminderCategoryCell.swift in Sources */ = {isa = PBXBuildFile; fileRef = C9DF62C42C354F6200294B4B /* ReminderCategoryCell.swift */; };
		C9DF62C72C354F7800294B4B /* BaseCollectionViewCell.swift in Sources */ = {isa = PBXBuildFile; fileRef = C9DF62C62C354F7800294B4B /* BaseCollectionViewCell.swift */; };
		C9DF62CB2C35991F00294B4B /* AddReminderDateViewController.swift in Sources */ = {isa = PBXBuildFile; fileRef = C9DF62CA2C35991F00294B4B /* AddReminderDateViewController.swift */; };
/* End PBXBuildFile section */

/* Begin PBXFileReference section */
		C951C1FE2C33FBD00057BD15 /* Reminders.app */ = {isa = PBXFileReference; explicitFileType = wrapper.application; includeInIndex = 0; path = Reminders.app; sourceTree = BUILT_PRODUCTS_DIR; };
		C951C2012C33FBD00057BD15 /* AppDelegate.swift */ = {isa = PBXFileReference; lastKnownFileType = sourcecode.swift; path = AppDelegate.swift; sourceTree = "<group>"; };
		C951C2032C33FBD00057BD15 /* SceneDelegate.swift */ = {isa = PBXFileReference; lastKnownFileType = sourcecode.swift; path = SceneDelegate.swift; sourceTree = "<group>"; };
		C951C2052C33FBD00057BD15 /* ReminderCategoryViewController.swift */ = {isa = PBXFileReference; lastKnownFileType = sourcecode.swift; path = ReminderCategoryViewController.swift; sourceTree = "<group>"; };
		C951C20A2C33FBD10057BD15 /* Assets.xcassets */ = {isa = PBXFileReference; lastKnownFileType = folder.assetcatalog; path = Assets.xcassets; sourceTree = "<group>"; };
		C951C20D2C33FBD10057BD15 /* Base */ = {isa = PBXFileReference; lastKnownFileType = file.storyboard; name = Base; path = Base.lproj/LaunchScreen.storyboard; sourceTree = "<group>"; };
		C951C20F2C33FBD10057BD15 /* Info.plist */ = {isa = PBXFileReference; lastKnownFileType = text.plist.xml; path = Info.plist; sourceTree = "<group>"; };
		C986A79E2C37D2A1000D9B07 /* AddReminderTagViewController.swift */ = {isa = PBXFileReference; lastKnownFileType = sourcecode.swift; path = AddReminderTagViewController.swift; sourceTree = "<group>"; };
		C986A7A02C37D515000D9B07 /* String+.swift */ = {isa = PBXFileReference; lastKnownFileType = sourcecode.swift; path = "String+.swift"; sourceTree = "<group>"; };
		C986A7A42C37EE87000D9B07 /* AddReminderImageViewController.swift */ = {isa = PBXFileReference; lastKnownFileType = sourcecode.swift; path = AddReminderImageViewController.swift; sourceTree = "<group>"; };
		C986A7A62C380126000D9B07 /* ReminderRepository.swift */ = {isa = PBXFileReference; lastKnownFileType = sourcecode.swift; path = ReminderRepository.swift; sourceTree = "<group>"; };
		C986A7A92C3936F3000D9B07 /* Date+.swift */ = {isa = PBXFileReference; lastKnownFileType = sourcecode.swift; path = "Date+.swift"; sourceTree = "<group>"; };
		C986A7AB2C3A7217000D9B07 /* ReminderListDetailViewController.swift */ = {isa = PBXFileReference; lastKnownFileType = sourcecode.swift; path = ReminderListDetailViewController.swift; sourceTree = "<group>"; };
		C986A7AD2C3A75BF000D9B07 /* ReminderDetailSection.swift */ = {isa = PBXFileReference; lastKnownFileType = sourcecode.swift; path = ReminderDetailSection.swift; sourceTree = "<group>"; };
		C986A7B02C3A773E000D9B07 /* ReminderDetailTitleCell.swift */ = {isa = PBXFileReference; lastKnownFileType = sourcecode.swift; path = ReminderDetailTitleCell.swift; sourceTree = "<group>"; };
		C986A7B22C3A7EE7000D9B07 /* ReminderDetailFlagCell.swift */ = {isa = PBXFileReference; lastKnownFileType = sourcecode.swift; path = ReminderDetailFlagCell.swift; sourceTree = "<group>"; };
		C986A7B42C3A919D000D9B07 /* ReminderDetailContentCell.swift */ = {isa = PBXFileReference; lastKnownFileType = sourcecode.swift; path = ReminderDetailContentCell.swift; sourceTree = "<group>"; };
		C986A7B82C3AA0DC000D9B07 /* ReminderDetailPhotoCell.swift */ = {isa = PBXFileReference; lastKnownFileType = sourcecode.swift; path = ReminderDetailPhotoCell.swift; sourceTree = "<group>"; };
		C986A7BB2C3AB644000D9B07 /* FileManagerHelper.swift */ = {isa = PBXFileReference; lastKnownFileType = sourcecode.swift; path = FileManagerHelper.swift; sourceTree = "<group>"; };
		C9D3D72E2C36937700D07682 /* AddReminderPriorityViewController.swift */ = {isa = PBXFileReference; lastKnownFileType = sourcecode.swift; path = AddReminderPriorityViewController.swift; sourceTree = "<group>"; };
		C9D3D7322C36967500D07682 /* Priority.swift */ = {isa = PBXFileReference; lastKnownFileType = sourcecode.swift; path = Priority.swift; sourceTree = "<group>"; };
		C9DF62942C3401E600294B4B /* BaseViewController.swift */ = {isa = PBXFileReference; lastKnownFileType = sourcecode.swift; path = BaseViewController.swift; sourceTree = "<group>"; };
		C9DF62972C34027500294B4B /* ReminderCategory.swift */ = {isa = PBXFileReference; lastKnownFileType = sourcecode.swift; path = ReminderCategory.swift; sourceTree = "<group>"; };
		C9DF62992C34153300294B4B /* AddReminderViewController.swift */ = {isa = PBXFileReference; lastKnownFileType = sourcecode.swift; path = AddReminderViewController.swift; sourceTree = "<group>"; };
		C9DF629C2C34167500294B4B /* UIViewController+.swift */ = {isa = PBXFileReference; lastKnownFileType = sourcecode.swift; path = "UIViewController+.swift"; sourceTree = "<group>"; };
		C9DF629E2C341A9100294B4B /* AddReminderTextFieldTableViewCell.swift */ = {isa = PBXFileReference; lastKnownFileType = sourcecode.swift; path = AddReminderTextFieldTableViewCell.swift; sourceTree = "<group>"; };
		C9DF62A02C341ABD00294B4B /* BaseTableViewCell.swift */ = {isa = PBXFileReference; lastKnownFileType = sourcecode.swift; path = BaseTableViewCell.swift; sourceTree = "<group>"; };
		C9DF62A22C341AF000294B4B /* ReusableIdentifierProtocol.swift */ = {isa = PBXFileReference; lastKnownFileType = sourcecode.swift; path = ReusableIdentifierProtocol.swift; sourceTree = "<group>"; };
		C9DF62A72C341B4E00294B4B /* UITableViewCell+.swift */ = {isa = PBXFileReference; lastKnownFileType = sourcecode.swift; path = "UITableViewCell+.swift"; sourceTree = "<group>"; };
		C9DF62AA2C341D1700294B4B /* CustomTextField.swift */ = {isa = PBXFileReference; lastKnownFileType = sourcecode.swift; path = CustomTextField.swift; sourceTree = "<group>"; };
		C9DF62AC2C341DAD00294B4B /* Constant.swift */ = {isa = PBXFileReference; lastKnownFileType = sourcecode.swift; path = Constant.swift; sourceTree = "<group>"; };
		C9DF62B12C344F5C00294B4B /* AddReminderBasicCell.swift */ = {isa = PBXFileReference; lastKnownFileType = sourcecode.swift; path = AddReminderBasicCell.swift; sourceTree = "<group>"; };
		C9DF62B32C34B49F00294B4B /* ReminderListViewController.swift */ = {isa = PBXFileReference; lastKnownFileType = sourcecode.swift; path = ReminderListViewController.swift; sourceTree = "<group>"; };
		C9DF62B52C34B54600294B4B /* ReminderTableViewCell.swift */ = {isa = PBXFileReference; lastKnownFileType = sourcecode.swift; path = ReminderTableViewCell.swift; sourceTree = "<group>"; };
		C9DF62B72C34C10400294B4B /* Reminder.swift */ = {isa = PBXFileReference; lastKnownFileType = sourcecode.swift; path = Reminder.swift; sourceTree = "<group>"; };
		C9DF62BC2C34C30C00294B4B /* AddReminderSection.swift */ = {isa = PBXFileReference; lastKnownFileType = sourcecode.swift; path = AddReminderSection.swift; sourceTree = "<group>"; };
		C9DF62C42C354F6200294B4B /* ReminderCategoryCell.swift */ = {isa = PBXFileReference; lastKnownFileType = sourcecode.swift; path = ReminderCategoryCell.swift; sourceTree = "<group>"; };
		C9DF62C62C354F7800294B4B /* BaseCollectionViewCell.swift */ = {isa = PBXFileReference; lastKnownFileType = sourcecode.swift; path = BaseCollectionViewCell.swift; sourceTree = "<group>"; };
		C9DF62CA2C35991F00294B4B /* AddReminderDateViewController.swift */ = {isa = PBXFileReference; lastKnownFileType = sourcecode.swift; path = AddReminderDateViewController.swift; sourceTree = "<group>"; };
/* End PBXFileReference section */

/* Begin PBXFrameworksBuildPhase section */
		C951C1FB2C33FBD00057BD15 /* Frameworks */ = {
			isa = PBXFrameworksBuildPhase;
			buildActionMask = 2147483647;
			files = (
				C9DF62BB2C34C1A300294B4B /* RealmSwift in Frameworks */,
				C9DF62B02C341F8C00294B4B /* SnapKit in Frameworks */,
			);
			runOnlyForDeploymentPostprocessing = 0;
		};
/* End PBXFrameworksBuildPhase section */

/* Begin PBXGroup section */
		C951C1F52C33FBD00057BD15 = {
			isa = PBXGroup;
			children = (
				C951C2002C33FBD00057BD15 /* Reminders */,
				C951C1FF2C33FBD00057BD15 /* Products */,
			);
			sourceTree = "<group>";
		};
		C951C1FF2C33FBD00057BD15 /* Products */ = {
			isa = PBXGroup;
			children = (
				C951C1FE2C33FBD00057BD15 /* Reminders.app */,
			);
			name = Products;
			sourceTree = "<group>";
		};
		C951C2002C33FBD00057BD15 /* Reminders */ = {
			isa = PBXGroup;
			children = (
				C9DF628E2C34011200294B4B /* Scene */,
				C9DF628D2C34010B00294B4B /* Global */,
				C9DF628C2C3400AA00294B4B /* Resources */,
			);
			path = Reminders;
			sourceTree = "<group>";
		};
		C986A7A82C380387000D9B07 /* Repository */ = {
			isa = PBXGroup;
			children = (
				C986A7A62C380126000D9B07 /* ReminderRepository.swift */,
			);
			path = Repository;
			sourceTree = "<group>";
		};
		C986A7AF2C3A771D000D9B07 /* SectionTableCell */ = {
			isa = PBXGroup;
			children = (
				C986A7B02C3A773E000D9B07 /* ReminderDetailTitleCell.swift */,
				C986A7B22C3A7EE7000D9B07 /* ReminderDetailFlagCell.swift */,
				C986A7B42C3A919D000D9B07 /* ReminderDetailContentCell.swift */,
				C986A7B82C3AA0DC000D9B07 /* ReminderDetailPhotoCell.swift */,
			);
			path = SectionTableCell;
			sourceTree = "<group>";
		};
		C9DF628C2C3400AA00294B4B /* Resources */ = {
			isa = PBXGroup;
			children = (
				C951C20F2C33FBD10057BD15 /* Info.plist */,
				C951C20A2C33FBD10057BD15 /* Assets.xcassets */,
				C951C20C2C33FBD10057BD15 /* LaunchScreen.storyboard */,
			);
			path = Resources;
			sourceTree = "<group>";
		};
		C9DF628D2C34010B00294B4B /* Global */ = {
			isa = PBXGroup;
			children = (
				C986A7A82C380387000D9B07 /* Repository */,
				C9DF62A92C341D0900294B4B /* CustomView */,
				C9DF62A42C341B0B00294B4B /* Protocol */,
				C9DF629B2C34166C00294B4B /* Extension */,
				C9DF62962C34023100294B4B /* Model */,
				C9DF62932C3401DD00294B4B /* Base */,
				C9DF628F2C34012700294B4B /* App */,
				C9DF62AC2C341DAD00294B4B /* Constant.swift */,
				C986A7BB2C3AB644000D9B07 /* FileManagerHelper.swift */,
			);
			path = Global;
			sourceTree = "<group>";
		};
		C9DF628E2C34011200294B4B /* Scene */ = {
			isa = PBXGroup;
			children = (
				C9DF62902C34013300294B4B /* ReminderCategory */,
				C9DF62912C34014C00294B4B /* AddReminder */,
				C9DF62922C34015A00294B4B /* ReminderList */,
			);
			path = Scene;
			sourceTree = "<group>";
		};
		C9DF628F2C34012700294B4B /* App */ = {
			isa = PBXGroup;
			children = (
				C951C2012C33FBD00057BD15 /* AppDelegate.swift */,
				C951C2032C33FBD00057BD15 /* SceneDelegate.swift */,
			);
			path = App;
			sourceTree = "<group>";
		};
		C9DF62902C34013300294B4B /* ReminderCategory */ = {
			isa = PBXGroup;
			children = (
				C951C2052C33FBD00057BD15 /* ReminderCategoryViewController.swift */,
				C9DF62C42C354F6200294B4B /* ReminderCategoryCell.swift */,
			);
			path = ReminderCategory;
			sourceTree = "<group>";
		};
		C9DF62912C34014C00294B4B /* AddReminder */ = {
			isa = PBXGroup;
			children = (
				C9DF62992C34153300294B4B /* AddReminderViewController.swift */,
				C9DF62CD2C35AC2300294B4B /* SectionTableCell */,
				C9DF62CC2C35AC1800294B4B /* SectionView */,
			);
			path = AddReminder;
			sourceTree = "<group>";
		};
		C9DF62922C34015A00294B4B /* ReminderList */ = {
			isa = PBXGroup;
			children = (
				C9DF62B32C34B49F00294B4B /* ReminderListViewController.swift */,
				C9DF62B52C34B54600294B4B /* ReminderTableViewCell.swift */,
				C986A7AB2C3A7217000D9B07 /* ReminderListDetailViewController.swift */,
				C986A7AF2C3A771D000D9B07 /* SectionTableCell */,
			);
			path = ReminderList;
			sourceTree = "<group>";
		};
		C9DF62932C3401DD00294B4B /* Base */ = {
			isa = PBXGroup;
			children = (
				C9DF62942C3401E600294B4B /* BaseViewController.swift */,
				C9DF62A02C341ABD00294B4B /* BaseTableViewCell.swift */,
				C9DF62C62C354F7800294B4B /* BaseCollectionViewCell.swift */,
			);
			path = Base;
			sourceTree = "<group>";
		};
		C9DF62962C34023100294B4B /* Model */ = {
			isa = PBXGroup;
			children = (
				C9DF62972C34027500294B4B /* ReminderCategory.swift */,
				C9DF62B72C34C10400294B4B /* Reminder.swift */,
				C9DF62BC2C34C30C00294B4B /* AddReminderSection.swift */,
				C9D3D7322C36967500D07682 /* Priority.swift */,
				C986A7AD2C3A75BF000D9B07 /* ReminderDetailSection.swift */,
			);
			path = Model;
			sourceTree = "<group>";
		};
		C9DF629B2C34166C00294B4B /* Extension */ = {
			isa = PBXGroup;
			children = (
				C9DF629C2C34167500294B4B /* UIViewController+.swift */,
				C9DF62A72C341B4E00294B4B /* UITableViewCell+.swift */,
				C986A7A02C37D515000D9B07 /* String+.swift */,
				C986A7A92C3936F3000D9B07 /* Date+.swift */,
			);
			path = Extension;
			sourceTree = "<group>";
		};
		C9DF62A42C341B0B00294B4B /* Protocol */ = {
			isa = PBXGroup;
			children = (
				C9DF62A22C341AF000294B4B /* ReusableIdentifierProtocol.swift */,
			);
			path = Protocol;
			sourceTree = "<group>";
		};
		C9DF62A92C341D0900294B4B /* CustomView */ = {
			isa = PBXGroup;
			children = (
				C9DF62AA2C341D1700294B4B /* CustomTextField.swift */,
			);
			path = CustomView;
			sourceTree = "<group>";
		};
		C9DF62CC2C35AC1800294B4B /* SectionView */ = {
			isa = PBXGroup;
			children = (
				C9DF62CA2C35991F00294B4B /* AddReminderDateViewController.swift */,
				C9D3D72E2C36937700D07682 /* AddReminderPriorityViewController.swift */,
				C986A79E2C37D2A1000D9B07 /* AddReminderTagViewController.swift */,
				C986A7A42C37EE87000D9B07 /* AddReminderImageViewController.swift */,
			);
			path = SectionView;
			sourceTree = "<group>";
		};
		C9DF62CD2C35AC2300294B4B /* SectionTableCell */ = {
			isa = PBXGroup;
			children = (
				C9DF629E2C341A9100294B4B /* AddReminderTextFieldTableViewCell.swift */,
				C9DF62B12C344F5C00294B4B /* AddReminderBasicCell.swift */,
			);
			path = SectionTableCell;
			sourceTree = "<group>";
		};
/* End PBXGroup section */

/* Begin PBXNativeTarget section */
		C951C1FD2C33FBD00057BD15 /* Reminders */ = {
			isa = PBXNativeTarget;
			buildConfigurationList = C951C2122C33FBD10057BD15 /* Build configuration list for PBXNativeTarget "Reminders" */;
			buildPhases = (
				C951C1FA2C33FBD00057BD15 /* Sources */,
				C951C1FB2C33FBD00057BD15 /* Frameworks */,
				C951C1FC2C33FBD00057BD15 /* Resources */,
			);
			buildRules = (
			);
			dependencies = (
			);
			name = Reminders;
			packageProductDependencies = (
				C9DF62AF2C341F8C00294B4B /* SnapKit */,
				C9DF62BA2C34C1A300294B4B /* RealmSwift */,
			);
			productName = Reminders;
			productReference = C951C1FE2C33FBD00057BD15 /* Reminders.app */;
			productType = "com.apple.product-type.application";
		};
/* End PBXNativeTarget section */

/* Begin PBXProject section */
		C951C1F62C33FBD00057BD15 /* Project object */ = {
			isa = PBXProject;
			attributes = {
				BuildIndependentTargetsInParallel = 1;
				LastSwiftUpdateCheck = 1530;
				LastUpgradeCheck = 1530;
				TargetAttributes = {
					C951C1FD2C33FBD00057BD15 = {
						CreatedOnToolsVersion = 15.3;
					};
				};
			};
			buildConfigurationList = C951C1F92C33FBD00057BD15 /* Build configuration list for PBXProject "Reminders" */;
			compatibilityVersion = "Xcode 14.0";
			developmentRegion = en;
			hasScannedForEncodings = 0;
			knownRegions = (
				en,
				Base,
			);
			mainGroup = C951C1F52C33FBD00057BD15;
			packageReferences = (
				C9DF62AE2C341F8C00294B4B /* XCRemoteSwiftPackageReference "SnapKit" */,
				C9DF62B92C34C1A300294B4B /* XCRemoteSwiftPackageReference "realm-swift" */,
			);
			productRefGroup = C951C1FF2C33FBD00057BD15 /* Products */;
			projectDirPath = "";
			projectRoot = "";
			targets = (
				C951C1FD2C33FBD00057BD15 /* Reminders */,
			);
		};
/* End PBXProject section */

/* Begin PBXResourcesBuildPhase section */
		C951C1FC2C33FBD00057BD15 /* Resources */ = {
			isa = PBXResourcesBuildPhase;
			buildActionMask = 2147483647;
			files = (
				C951C20B2C33FBD10057BD15 /* Assets.xcassets in Resources */,
				C951C20E2C33FBD10057BD15 /* Base in Resources */,
			);
			runOnlyForDeploymentPostprocessing = 0;
		};
/* End PBXResourcesBuildPhase section */

/* Begin PBXSourcesBuildPhase section */
		C951C1FA2C33FBD00057BD15 /* Sources */ = {
			isa = PBXSourcesBuildPhase;
			buildActionMask = 2147483647;
			files = (
				C9DF629D2C34167500294B4B /* UIViewController+.swift in Sources */,
				C986A7A72C380126000D9B07 /* ReminderRepository.swift in Sources */,
				C951C2062C33FBD00057BD15 /* ReminderCategoryViewController.swift in Sources */,
				C9DF62A82C341B4E00294B4B /* UITableViewCell+.swift in Sources */,
				C986A79F2C37D2A1000D9B07 /* AddReminderTagViewController.swift in Sources */,
				C9DF62A32C341AF000294B4B /* ReusableIdentifierProtocol.swift in Sources */,
				C9DF62952C3401E600294B4B /* BaseViewController.swift in Sources */,
				C986A7AA2C3936F3000D9B07 /* Date+.swift in Sources */,
				C986A7B12C3A773E000D9B07 /* ReminderDetailTitleCell.swift in Sources */,
				C9DF62C72C354F7800294B4B /* BaseCollectionViewCell.swift in Sources */,
				C986A7BC2C3AB644000D9B07 /* FileManagerHelper.swift in Sources */,
				C986A7B52C3A919D000D9B07 /* ReminderDetailContentCell.swift in Sources */,
				C9DF62CB2C35991F00294B4B /* AddReminderDateViewController.swift in Sources */,
				C986A7AC2C3A7217000D9B07 /* ReminderListDetailViewController.swift in Sources */,
				C986A7A52C37EE87000D9B07 /* AddReminderImageViewController.swift in Sources */,
				C9D3D7332C36967500D07682 /* Priority.swift in Sources */,
				C951C2022C33FBD00057BD15 /* AppDelegate.swift in Sources */,
				C9DF62B22C344F5C00294B4B /* AddReminderBasicCell.swift in Sources */,
				C9DF62BD2C34C30C00294B4B /* AddReminderSection.swift in Sources */,
				C986A7AE2C3A75BF000D9B07 /* ReminderDetailSection.swift in Sources */,
				C986A7A12C37D515000D9B07 /* String+.swift in Sources */,
				C9DF62A12C341ABD00294B4B /* BaseTableViewCell.swift in Sources */,
				C9DF62982C34027500294B4B /* ReminderCategory.swift in Sources */,
				C9DF62AB2C341D1700294B4B /* CustomTextField.swift in Sources */,
				C9DF62AD2C341DAD00294B4B /* Constant.swift in Sources */,
				C9DF629F2C341A9100294B4B /* AddReminderTextFieldTableViewCell.swift in Sources */,
				C9DF629A2C34153300294B4B /* AddReminderViewController.swift in Sources */,
				C9DF62B42C34B49F00294B4B /* ReminderListViewController.swift in Sources */,
				C986A7B32C3A7EE7000D9B07 /* ReminderDetailFlagCell.swift in Sources */,
				C951C2042C33FBD00057BD15 /* SceneDelegate.swift in Sources */,
				C9D3D72F2C36937700D07682 /* AddReminderPriorityViewController.swift in Sources */,
				C9DF62B62C34B54600294B4B /* ReminderTableViewCell.swift in Sources */,
				C986A7B92C3AA0DC000D9B07 /* ReminderDetailPhotoCell.swift in Sources */,
				C9DF62B82C34C10400294B4B /* Reminder.swift in Sources */,
				C9DF62C52C354F6200294B4B /* ReminderCategoryCell.swift in Sources */,
			);
			runOnlyForDeploymentPostprocessing = 0;
		};
/* End PBXSourcesBuildPhase section */

/* Begin PBXVariantGroup section */
		C951C20C2C33FBD10057BD15 /* LaunchScreen.storyboard */ = {
			isa = PBXVariantGroup;
			children = (
				C951C20D2C33FBD10057BD15 /* Base */,
			);
			name = LaunchScreen.storyboard;
			sourceTree = "<group>";
		};
/* End PBXVariantGroup section */

/* Begin XCBuildConfiguration section */
		C951C2102C33FBD10057BD15 /* Debug */ = {
			isa = XCBuildConfiguration;
			buildSettings = {
				ALWAYS_SEARCH_USER_PATHS = NO;
				ASSETCATALOG_COMPILER_GENERATE_SWIFT_ASSET_SYMBOL_EXTENSIONS = YES;
				CLANG_ANALYZER_NONNULL = YES;
				CLANG_ANALYZER_NUMBER_OBJECT_CONVERSION = YES_AGGRESSIVE;
				CLANG_CXX_LANGUAGE_STANDARD = "gnu++20";
				CLANG_ENABLE_MODULES = YES;
				CLANG_ENABLE_OBJC_ARC = YES;
				CLANG_ENABLE_OBJC_WEAK = YES;
				CLANG_WARN_BLOCK_CAPTURE_AUTORELEASING = YES;
				CLANG_WARN_BOOL_CONVERSION = YES;
				CLANG_WARN_COMMA = YES;
				CLANG_WARN_CONSTANT_CONVERSION = YES;
				CLANG_WARN_DEPRECATED_OBJC_IMPLEMENTATIONS = YES;
				CLANG_WARN_DIRECT_OBJC_ISA_USAGE = YES_ERROR;
				CLANG_WARN_DOCUMENTATION_COMMENTS = YES;
				CLANG_WARN_EMPTY_BODY = YES;
				CLANG_WARN_ENUM_CONVERSION = YES;
				CLANG_WARN_INFINITE_RECURSION = YES;
				CLANG_WARN_INT_CONVERSION = YES;
				CLANG_WARN_NON_LITERAL_NULL_CONVERSION = YES;
				CLANG_WARN_OBJC_IMPLICIT_RETAIN_SELF = YES;
				CLANG_WARN_OBJC_LITERAL_CONVERSION = YES;
				CLANG_WARN_OBJC_ROOT_CLASS = YES_ERROR;
				CLANG_WARN_QUOTED_INCLUDE_IN_FRAMEWORK_HEADER = YES;
				CLANG_WARN_RANGE_LOOP_ANALYSIS = YES;
				CLANG_WARN_STRICT_PROTOTYPES = YES;
				CLANG_WARN_SUSPICIOUS_MOVE = YES;
				CLANG_WARN_UNGUARDED_AVAILABILITY = YES_AGGRESSIVE;
				CLANG_WARN_UNREACHABLE_CODE = YES;
				CLANG_WARN__DUPLICATE_METHOD_MATCH = YES;
				COPY_PHASE_STRIP = NO;
				DEBUG_INFORMATION_FORMAT = dwarf;
				ENABLE_STRICT_OBJC_MSGSEND = YES;
				ENABLE_TESTABILITY = YES;
				ENABLE_USER_SCRIPT_SANDBOXING = YES;
				GCC_C_LANGUAGE_STANDARD = gnu17;
				GCC_DYNAMIC_NO_PIC = NO;
				GCC_NO_COMMON_BLOCKS = YES;
				GCC_OPTIMIZATION_LEVEL = 0;
				GCC_PREPROCESSOR_DEFINITIONS = (
					"DEBUG=1",
					"$(inherited)",
				);
				GCC_WARN_64_TO_32_BIT_CONVERSION = YES;
				GCC_WARN_ABOUT_RETURN_TYPE = YES_ERROR;
				GCC_WARN_UNDECLARED_SELECTOR = YES;
				GCC_WARN_UNINITIALIZED_AUTOS = YES_AGGRESSIVE;
				GCC_WARN_UNUSED_FUNCTION = YES;
				GCC_WARN_UNUSED_VARIABLE = YES;
				IPHONEOS_DEPLOYMENT_TARGET = 17.4;
				LOCALIZATION_PREFERS_STRING_CATALOGS = YES;
				MTL_ENABLE_DEBUG_INFO = INCLUDE_SOURCE;
				MTL_FAST_MATH = YES;
				ONLY_ACTIVE_ARCH = YES;
				SDKROOT = iphoneos;
				SWIFT_ACTIVE_COMPILATION_CONDITIONS = "DEBUG $(inherited)";
				SWIFT_OPTIMIZATION_LEVEL = "-Onone";
			};
			name = Debug;
		};
		C951C2112C33FBD10057BD15 /* Release */ = {
			isa = XCBuildConfiguration;
			buildSettings = {
				ALWAYS_SEARCH_USER_PATHS = NO;
				ASSETCATALOG_COMPILER_GENERATE_SWIFT_ASSET_SYMBOL_EXTENSIONS = YES;
				CLANG_ANALYZER_NONNULL = YES;
				CLANG_ANALYZER_NUMBER_OBJECT_CONVERSION = YES_AGGRESSIVE;
				CLANG_CXX_LANGUAGE_STANDARD = "gnu++20";
				CLANG_ENABLE_MODULES = YES;
				CLANG_ENABLE_OBJC_ARC = YES;
				CLANG_ENABLE_OBJC_WEAK = YES;
				CLANG_WARN_BLOCK_CAPTURE_AUTORELEASING = YES;
				CLANG_WARN_BOOL_CONVERSION = YES;
				CLANG_WARN_COMMA = YES;
				CLANG_WARN_CONSTANT_CONVERSION = YES;
				CLANG_WARN_DEPRECATED_OBJC_IMPLEMENTATIONS = YES;
				CLANG_WARN_DIRECT_OBJC_ISA_USAGE = YES_ERROR;
				CLANG_WARN_DOCUMENTATION_COMMENTS = YES;
				CLANG_WARN_EMPTY_BODY = YES;
				CLANG_WARN_ENUM_CONVERSION = YES;
				CLANG_WARN_INFINITE_RECURSION = YES;
				CLANG_WARN_INT_CONVERSION = YES;
				CLANG_WARN_NON_LITERAL_NULL_CONVERSION = YES;
				CLANG_WARN_OBJC_IMPLICIT_RETAIN_SELF = YES;
				CLANG_WARN_OBJC_LITERAL_CONVERSION = YES;
				CLANG_WARN_OBJC_ROOT_CLASS = YES_ERROR;
				CLANG_WARN_QUOTED_INCLUDE_IN_FRAMEWORK_HEADER = YES;
				CLANG_WARN_RANGE_LOOP_ANALYSIS = YES;
				CLANG_WARN_STRICT_PROTOTYPES = YES;
				CLANG_WARN_SUSPICIOUS_MOVE = YES;
				CLANG_WARN_UNGUARDED_AVAILABILITY = YES_AGGRESSIVE;
				CLANG_WARN_UNREACHABLE_CODE = YES;
				CLANG_WARN__DUPLICATE_METHOD_MATCH = YES;
				COPY_PHASE_STRIP = NO;
				DEBUG_INFORMATION_FORMAT = "dwarf-with-dsym";
				ENABLE_NS_ASSERTIONS = NO;
				ENABLE_STRICT_OBJC_MSGSEND = YES;
				ENABLE_USER_SCRIPT_SANDBOXING = YES;
				GCC_C_LANGUAGE_STANDARD = gnu17;
				GCC_NO_COMMON_BLOCKS = YES;
				GCC_WARN_64_TO_32_BIT_CONVERSION = YES;
				GCC_WARN_ABOUT_RETURN_TYPE = YES_ERROR;
				GCC_WARN_UNDECLARED_SELECTOR = YES;
				GCC_WARN_UNINITIALIZED_AUTOS = YES_AGGRESSIVE;
				GCC_WARN_UNUSED_FUNCTION = YES;
				GCC_WARN_UNUSED_VARIABLE = YES;
				IPHONEOS_DEPLOYMENT_TARGET = 17.4;
				LOCALIZATION_PREFERS_STRING_CATALOGS = YES;
				MTL_ENABLE_DEBUG_INFO = NO;
				MTL_FAST_MATH = YES;
				SDKROOT = iphoneos;
				SWIFT_COMPILATION_MODE = wholemodule;
				VALIDATE_PRODUCT = YES;
			};
			name = Release;
		};
		C951C2132C33FBD10057BD15 /* Debug */ = {
			isa = XCBuildConfiguration;
			buildSettings = {
				ASSETCATALOG_COMPILER_APPICON_NAME = AppIcon;
				ASSETCATALOG_COMPILER_GLOBAL_ACCENT_COLOR_NAME = AccentColor;
				CODE_SIGN_STYLE = Automatic;
				CURRENT_PROJECT_VERSION = 1;
				DEVELOPMENT_TEAM = T4W7695R5C;
				GENERATE_INFOPLIST_FILE = YES;
				INFOPLIST_FILE = Reminders/Resources/Info.plist;
				INFOPLIST_KEY_UIApplicationSupportsIndirectInputEvents = YES;
				INFOPLIST_KEY_UILaunchStoryboardName = LaunchScreen;
				INFOPLIST_KEY_UISupportedInterfaceOrientations = UIInterfaceOrientationPortrait;
				INFOPLIST_KEY_UISupportedInterfaceOrientations_iPad = UIInterfaceOrientationPortrait;
				IPHONEOS_DEPLOYMENT_TARGET = 16.0;
				LD_RUNPATH_SEARCH_PATHS = (
					"$(inherited)",
					"@executable_path/Frameworks",
				);
				MARKETING_VERSION = 1.0;
				PRODUCT_BUNDLE_IDENTIFIER = com.jisooHAM.Reminders;
				PRODUCT_NAME = "$(TARGET_NAME)";
				SUPPORTED_PLATFORMS = "iphoneos iphonesimulator";
				SUPPORTS_MACCATALYST = NO;
				SUPPORTS_MAC_DESIGNED_FOR_IPHONE_IPAD = NO;
				SUPPORTS_XR_DESIGNED_FOR_IPHONE_IPAD = NO;
				SWIFT_EMIT_LOC_STRINGS = YES;
				SWIFT_VERSION = 5.0;
				TARGETED_DEVICE_FAMILY = 1;
			};
			name = Debug;
		};
		C951C2142C33FBD10057BD15 /* Release */ = {
			isa = XCBuildConfiguration;
			buildSettings = {
				ASSETCATALOG_COMPILER_APPICON_NAME = AppIcon;
				ASSETCATALOG_COMPILER_GLOBAL_ACCENT_COLOR_NAME = AccentColor;
				CODE_SIGN_STYLE = Automatic;
				CURRENT_PROJECT_VERSION = 1;
				DEVELOPMENT_TEAM = T4W7695R5C;
				GENERATE_INFOPLIST_FILE = YES;
				INFOPLIST_FILE = Reminders/Resources/Info.plist;
				INFOPLIST_KEY_UIApplicationSupportsIndirectInputEvents = YES;
				INFOPLIST_KEY_UILaunchStoryboardName = LaunchScreen;
				INFOPLIST_KEY_UISupportedInterfaceOrientations = UIInterfaceOrientationPortrait;
				INFOPLIST_KEY_UISupportedInterfaceOrientations_iPad = UIInterfaceOrientationPortrait;
				IPHONEOS_DEPLOYMENT_TARGET = 16.0;
				LD_RUNPATH_SEARCH_PATHS = (
					"$(inherited)",
					"@executable_path/Frameworks",
				);
				MARKETING_VERSION = 1.0;
				PRODUCT_BUNDLE_IDENTIFIER = com.jisooHAM.Reminders;
				PRODUCT_NAME = "$(TARGET_NAME)";
				SUPPORTED_PLATFORMS = "iphoneos iphonesimulator";
				SUPPORTS_MACCATALYST = NO;
				SUPPORTS_MAC_DESIGNED_FOR_IPHONE_IPAD = NO;
				SUPPORTS_XR_DESIGNED_FOR_IPHONE_IPAD = NO;
				SWIFT_EMIT_LOC_STRINGS = YES;
				SWIFT_VERSION = 5.0;
				TARGETED_DEVICE_FAMILY = 1;
			};
			name = Release;
		};
/* End XCBuildConfiguration section */

/* Begin XCConfigurationList section */
		C951C1F92C33FBD00057BD15 /* Build configuration list for PBXProject "Reminders" */ = {
			isa = XCConfigurationList;
			buildConfigurations = (
				C951C2102C33FBD10057BD15 /* Debug */,
				C951C2112C33FBD10057BD15 /* Release */,
			);
			defaultConfigurationIsVisible = 0;
			defaultConfigurationName = Release;
		};
		C951C2122C33FBD10057BD15 /* Build configuration list for PBXNativeTarget "Reminders" */ = {
			isa = XCConfigurationList;
			buildConfigurations = (
				C951C2132C33FBD10057BD15 /* Debug */,
				C951C2142C33FBD10057BD15 /* Release */,
			);
			defaultConfigurationIsVisible = 0;
			defaultConfigurationName = Release;
		};
/* End XCConfigurationList section */

/* Begin XCRemoteSwiftPackageReference section */
		C9DF62AE2C341F8C00294B4B /* XCRemoteSwiftPackageReference "SnapKit" */ = {
			isa = XCRemoteSwiftPackageReference;
			repositoryURL = "https://github.com/SnapKit/SnapKit.git";
			requirement = {
				kind = upToNextMajorVersion;
				minimumVersion = 5.7.1;
			};
		};
		C9DF62B92C34C1A300294B4B /* XCRemoteSwiftPackageReference "realm-swift" */ = {
			isa = XCRemoteSwiftPackageReference;
			repositoryURL = "https://github.com/realm/realm-swift.git";
			requirement = {
				kind = exactVersion;
				version = 10.52.1;
			};
		};
/* End XCRemoteSwiftPackageReference section */

/* Begin XCSwiftPackageProductDependency section */
		C9DF62AF2C341F8C00294B4B /* SnapKit */ = {
			isa = XCSwiftPackageProductDependency;
			package = C9DF62AE2C341F8C00294B4B /* XCRemoteSwiftPackageReference "SnapKit" */;
			productName = SnapKit;
		};
		C9DF62BA2C34C1A300294B4B /* RealmSwift */ = {
			isa = XCSwiftPackageProductDependency;
			package = C9DF62B92C34C1A300294B4B /* XCRemoteSwiftPackageReference "realm-swift" */;
			productName = RealmSwift;
		};
/* End XCSwiftPackageProductDependency section */
	};
	rootObject = C951C1F62C33FBD00057BD15 /* Project object */;
}
